{
  "name": "healthnova-ai",
  "lockfileVersion": 3,
  "requires": true,
  "packages": {
    "": {
      "dependencies": {
        "@arcjet/inspect": "^1.10.0",
        "@arcjet/node": "^1.10.0"
      }
    },
    "node_modules/@arcjet/analyze": {
      "version": "1.10.0",
      "resolved": "https://registry.npmjs.org/@arcjet/analyze/-/analyze-1.10.0.tgz",
      "integrity": "sha512-iWzLCb28Q/fcEiKGk6kN09YFx+PUoKCqwq5krC3niWSFHEuH5p/SAAPTdkN4+uMQkunszuqCCKLpfshGx0vXAg==",
      "license": "Apache-2.0",
      "dependencies": {
        "@arcjet/analyze-wasm": "1.10.0",
        "@arcjet/protocol": "1.10.0"
      },
      "engines": {
        "node": ">=22.21.0 <23 || >=24.5.0"
      }
    },
    "node_modules/@arcjet/analyze-wasm": {
      "version": "1.10.0",
      "resolved": "https://registry.npmjs.org/@arcjet/analyze-wasm/-/analyze-wasm-1.10.0.tgz",
      "integrity": "sha512-vZqDQyRoeuxQcOlF75+0Xu2mlCCRl83HLFmpTDGLp3KGDYI1bRLBXtYOqqE5PK6LGQtJtYkDfJCWPHIngLTDYw==",
      "license": "Apache-2.0",
      "engines": {
        "node": ">=22.21.0 <23 || >=24.5.0"
      }
    },
    "node_modules/@arcjet/body": {
      "version": "1.10.0",
      "resolved": "https://registry.npmjs.org/@arcjet/body/-/body-1.10.0.tgz",
      "integrity": "sha512-cW59ijiZvjl8tDfyAuAfPCYjWwhafU0UEkYb4pQ51KJUYzvEc5ytxWGxYSh/V4agATcBLLqboOpyN705ROVOyw==",
      "license": "Apache-2.0",
      "engines": {
        "node": ">=22.21.0 <23 || >=24.5.0"
      }
    },
    "node_modules/@arcjet/cache": {
      "version": "1.10.0",
      "resolved": "https://registry.npmjs.org/@arcjet/cache/-/cache-1.10.0.tgz",
      "integrity": "sha512-HWZHkm2JPKa6NjKygwFM0tg5EdnYFGNlEV6D0P/UIaTApuS1U5LrNj9mp1sWDpt01C8/WWmY8crQGEA3LRuNng==",
      "license": "Apache-2.0",
      "engines": {
        "node": ">=22.21.0 <23 || >=24.5.0"
      }
    },
    "node_modules/@arcjet/duration": {
      "version": "1.10.0",
      "resolved": "https://registry.npmjs.org/@arcjet/duration/-/duration-1.10.0.tgz",
      "integrity": "sha512-CMfP5jDKx1GN0y+CU9HhMHy6UIX9wVqVdPVtZMYFrQDKWIyLaUpWkW+AKEOPPV6TTtapxnt+/XAZYpHxQ43FsA==",
      "license": "Apache-2.0",
      "engines": {
        "node": ">=22.21.0 <23 || >=24.5.0"
      }
    },
    "node_modules/@arcjet/env": {
      "version": "1.10.0",
      "resolved": "https://registry.npmjs.org/@arcjet/env/-/env-1.10.0.tgz",
      "integrity": "sha512-8Woh0lZUIC13iXjovtcqpEAttaJb8bYicSpjC2ba47ePacbXgZKznuboJwwGb6a8kBu1v5/nCE2JugrwsiUd2g==",
      "license": "Apache-2.0",
      "engines": {
        "node": ">=22.21.0 <23 || >=24.5.0"
      }
    },
    "node_modules/@arcjet/headers": {
      "version": "1.10.0",
      "resolved": "https://registry.npmjs.org/@arcjet/headers/-/headers-1.10.0.tgz",
      "integrity": "sha512-MPwP1lO+iMJNca0D1fWxdW/4sj/5hZ8D7YKpJ6JN4W6joiW45+bFhJBnJnVRjIsl/alsIKdZMIBVUlcv0vEZaQ==",
      "license": "Apache-2.0",
      "engines": {
        "node": ">=22.21.0 <23 || >=24.5.0"
      }
    },
    "node_modules/@arcjet/inspect": {
      "version": "1.10.0",
      "resolved": "https://registry.npmjs.org/@arcjet/inspect/-/inspect-1.10.0.tgz",
      "integrity": "sha512-EgFBUSMcYyqq8phy5PF2nO3rbBREAkECqK5d5cC3Pus6Z0VXlcMP7LQagKjgV+/jt2B/XW9Jjg+fiVd/jOgmDQ==",
      "license": "Apache-2.0",
      "dependencies": {
        "@arcjet/protocol": "1.10.0"
      },
      "engines": {
        "node": ">=22.21.0 <23 || >=24.5.0"
      }
    },
    "node_modules/@arcjet/ip": {
      "version": "1.10.0",
      "resolved": "https://registry.npmjs.org/@arcjet/ip/-/ip-1.10.0.tgz",
      "integrity": "sha512-bYo8/CwbMbzMC2x4LAu+C9V2qi+XOzojUCzvzDp8XASGXGGyjRI7vJ7bZx4dMR99xF5iv74x4Ksi0N3Pjr5ZVg==",
      "license": "Apache-2.0",
      "engines": {
        "node": ">=22.21.0 <23 || >=24.5.0"
      }
    },
    "node_modules/@arcjet/logger": {
      "version": "1.10.0",
      "resolved": "https://registry.npmjs.org/@arcjet/logger/-/logger-1.10.0.tgz",
      "integrity": "sha512-antsrgRzzR+asMuV/sAdndIi0rkkpUaUTe8n8JAG4ZrDRa54YNPQO0skRjipjT/g0nJmTA9auVL/CnhmrHRHug==",
      "license": "Apache-2.0",
      "dependencies": {
        "@arcjet/sprintf": "1.10.0"
      },
      "engines": {
        "node": ">=22.21.0 <23 || >=24.5.0"
      }
    },
    "node_modules/@arcjet/node": {
      "version": "1.10.0",
      "resolved": "https://registry.npmjs.org/@arcjet/node/-/node-1.10.0.tgz",
      "integrity": "sha512-ZfnNkiFDAJmP0W1lull7Krs7gHzpbu9DA5N/VNcfPCUtrucyNzvAzPW8lMCPqJMyYzXgMR+4gDhQS1y5FehzQg==",
      "license": "Apache-2.0",
      "dependencies": {
        "@arcjet/body": "1.10.0",
        "@arcjet/env": "1.10.0",
        "@arcjet/headers": "1.10.0",
        "@arcjet/ip": "1.10.0",
        "@arcjet/logger": "1.10.0",
        "@arcjet/protocol": "1.10.0",
        "@arcjet/transport": "1.10.0",
        "arcjet": "1.10.0"
      },
      "engines": {
        "node": ">=22.21.0 <23 || >=24.5.0"
      }
    },
    "node_modules/@arcjet/protocol": {
      "version": "1.10.0",
      "resolved": "https://registry.npmjs.org/@arcjet/protocol/-/protocol-1.10.0.tgz",
      "integrity": "sha512-qDsEzlDixqM9X0GuvgBosEhCwsGMbHgvlvmEtYhWy9d3JKVsqWoCz+/BP7JwDlHZXjrkqwTyAZZKkHX7OmqS8g==",
      "license": "Apache-2.0",
      "dependencies": {
        "@arcjet/cache": "1.10.0",
        "@bufbuild/protobuf": "2.12.1",
        "@connectrpc/connect": "2.1.2"
      },
      "engines": {
        "node": ">=22.21.0 <23 || >=24.5.0"
      }
    },
    "node_modules/@arcjet/runtime": {
      "version": "1.10.0",
      "resolved": "https://registry.npmjs.org/@arcjet/runtime/-/runtime-1.10.0.tgz",
      "integrity": "sha512-78BC1xmD+Nj4esfIdSR3q2IlcKqrT+EteXTlYlgXfrJlU6wa1tvMHaafi10/WY3sGg7KYJGeO6QL5Obwd/2OPQ==",
      "license": "Apache-2.0",
      "engines": {
        "node": ">=22.21.0 <23 || >=24.5.0"
      }
    },
    "node_modules/@arcjet/sprintf": {
      "version": "1.10.0",
      "resolved": "https://registry.npmjs.org/@arcjet/sprintf/-/sprintf-1.10.0.tgz",
      "integrity": "sha512-849scMn5QcUjfp2bcKbkeVevGartwDupQsqPJsFbFqAPjhBTts5ubnFShh4n1cw80YsznzlRTJbN8QV4KKmZlw==",
      "license": "Apache-2.0",
      "engines": {
        "node": ">=22.21.0 <23 || >=24.5.0"
      }
    },
    "node_modules/@arcjet/stable-hash": {
      "version": "1.10.0",
      "resolved": "https://registry.npmjs.org/@arcjet/stable-hash/-/stable-hash-1.10.0.tgz",
      "integrity": "sha512-sx4B4g/EEhDGf0GbP05aA45LGhPkG6xwbYBJGqY5FZRdN1tDsPg748qfCRwne7ptwfwMP9u92R9TliofH29MxA==",
      "license": "Apache-2.0",
      "engines": {
        "node": ">=22.21.0 <23 || >=24.5.0"
      }
    },
    "node_modules/@arcjet/transport": {
      "version": "1.10.0",
      "resolved": "https://registry.npmjs.org/@arcjet/transport/-/transport-1.10.0.tgz",
      "integrity": "sha512-tcmnrqOVzq4MfB1V2Rz85BXa8wY9VONStise6TjeGvRwRMtXnKY9sWhUEsayJYQ6KKJQcmxAkMcODUQKGts1sw==",
      "license": "Apache-2.0",
      "dependencies": {
        "@arcjet/env": "1.10.0",
        "@arcjet/logger": "1.10.0",
        "@bufbuild/protobuf": "2.12.1",
        "@connectrpc/connect": "2.1.2",
        "@connectrpc/connect-node": "2.1.2",
        "@connectrpc/connect-web": "2.1.2"
      },
      "engines": {
        "node": ">=22.21.0 <23 || >=24.5.0"
      }
    },
    "node_modules/@bufbuild/protobuf": {
      "version": "2.12.1",
      "resolved": "https://registry.npmjs.org/@bufbuild/protobuf/-/protobuf-2.12.1.tgz",
      "integrity": "sha512-BvAMfS6LrgZiryOAZ4pBYucu4wG/Ei/9o9DZ9akbREnMLbPJiom2i8b9C8IsKErQoiKqVhrerzt3kOT/RrzLHg==",
      "license": "(Apache-2.0 AND BSD-3-Clause)"
    },
    "node_modules/@connectrpc/connect": {
      "version": "2.1.2",
      "resolved": "https://registry.npmjs.org/@connectrpc/connect/-/connect-2.1.2.tgz",
      "integrity": "sha512-MXkBijtcX09R10Eb6sFeIetc6w6746eio6xtfuyVOH7oQAacT1X0GzMIQFux6Qy8cq3W/T5qX5Bei8YbFtmRGA==",
      "license": "Apache-2.0",
      "peerDependencies": {
        "@bufbuild/protobuf": "^2.7.0"
      }
    },
    "node_modules/@connectrpc/connect-node": {
      "version": "2.1.2",
      "resolved": "https://registry.npmjs.org/@connectrpc/connect-node/-/connect-node-2.1.2.tgz",
      "integrity": "sha512-+i/aAOpsI8sIx1mbYp6d99zvxaUSF6t/jP9Ux9maAmjsZPgmIQ3JuIeYi0zJIP9zlCnBlJjkpPosshCgdRuThQ==",
      "license": "Apache-2.0",
      "engines": {
        "node": ">=20"
      },
      "peerDependencies": {
        "@bufbuild/protobuf": "^2.7.0",
        "@connectrpc/connect": "2.1.2"
      }
    },
    "node_modules/@connectrpc/connect-web": {
      "version": "2.1.2",
      "resolved": "https://registry.npmjs.org/@connectrpc/connect-web/-/connect-web-2.1.2.tgz",
      "integrity": "sha512-1tfaK85MU+gJjwwmL31d2rzdf0XCYX99chZf63uG89SGBUd4XuZ4ZzhGo2u79TPXOE6nLIZQ2okrpyey42PYdg==",
      "license": "Apache-2.0",
      "peerDependencies": {
        "@bufbuild/protobuf": "^2.7.0",
        "@connectrpc/connect": "2.1.2"
      }
    },
    "node_modules/arcjet": {
      "version": "1.10.0",
      "resolved": "https://registry.npmjs.org/arcjet/-/arcjet-1.10.0.tgz",
      "integrity": "sha512-4aY2sgSFdoEC/T72TaV4Aj5M0f/hYAPLSpIi1QXGvtLynKuyZyEjjO2H7qZDi+L28/4s2u6iUoBTyoXLeh5e3w==",
      "license": "Apache-2.0",
      "dependencies": {
        "@arcjet/analyze": "1.10.0",
        "@arcjet/cache": "1.10.0",
        "@arcjet/duration": "1.10.0",
        "@arcjet/headers": "1.10.0",
        "@arcjet/protocol": "1.10.0",
        "@arcjet/runtime": "1.10.0",
        "@arcjet/stable-hash": "1.10.0"
      },
      "engines": {
        "node": ">=22.21.0 <23 || >=24.5.0"
      }
    }
  }
}
